
Microsoft Visual Studio Solution File, Format Version 12.00
# Visual Studio 15
VisualStudioVersion = 15.0.28307.852
MinimumVisualStudioVersion = 10.0.40219.1
Project("{FAE04EC0-301F-11D3-BF4B-00C04F79EFBC}") = "10B_Alapfeladatok", "10B_Alapfeladatok\10B_Alapfeladatok.csproj", "{6CF9D1F2-61A7-44DE-99EF-C95987782D90}"
EndProject
Project("{FAE04EC0-301F-11D3-BF4B-00C04F79EFBC}") = "Elagazas_01", "Elagazas_01\Elagazas_01.csproj", "{D11AC1E4-A060-4FD4-B6D6-09F03E6E37B3}"
EndProject
Project("{FAE04EC0-301F-11D3-BF4B-00C04F79EFBC}") = "Elagazas_02", "Elagazas_02\Elagazas_02.csproj", "{F0D34558-3E7A-401F-A5F1-2D4A2ED3A1FA}"
EndProject
Project("{FAE04EC0-301F-11D3-BF4B-00C04F79EFBC}") = "Elagazas_03", "Elagazas_03\Elagazas_03.csproj", "{1788E4B0-799C-42F4-8274-635AE59ED60E}"
EndProject
Project("{FAE04EC0-301F-11D3-BF4B-00C04F79EFBC}") = "Elagazas_04", "Elagazas_04\Elagazas_04.csproj", "{66087BCB-9CEB-4B6C-9D7D-A427AF128C95}"
EndProject
Project("{FAE04EC0-301F-11D3-BF4B-00C04F79EFBC}") = "Oszthatoe", "Oszthatoe\Oszthatoe.csproj", "{15121BD5-F011-49A1-8C03-EB7DF9978AA2}"
EndProject
Project("{FAE04EC0-301F-11D3-BF4B-00C04F79EFBC}") = "OraPercMp", "OraPercMp\OraPercMp.csproj", "{D2B628E8-A1C4-4F89-8756-C16158F00816}"
EndProject
Project("{FAE04EC0-301F-11D3-BF4B-00C04F79EFBC}") = "SzamoloGepSwitch", "SzamoloGepSwitch\SzamoloGepSwitch.csproj", "{392DE1DA-DB8B-4BFC-BFE7-BF71C28E43B3}"
EndProject
Project("{FAE04EC0-301F-11D3-BF4B-00C04F79EFBC}") = "EletkorSwitch", "EletkorSwitch\EletkorSwitch.csproj", "{7C9D6657-5A2F-4C46-A6BC-2408C8D92C7A}"
EndProject
Project("{FAE04EC0-301F-11D3-BF4B-00C04F79EFBC}") = "Kevezmenyek", "Kevezmenyek\Kevezmenyek.csproj", "{FC18630E-EE15-4B71-A95F-21EA6FE8215B}"
EndProject
Project("{FAE04EC0-301F-11D3-BF4B-00C04F79EFBC}") = "VeletlenSzamok", "VeletlenSzamok\VeletlenSzamok.csproj", "{50891B55-1E50-40EE-AC31-AA8D966C59CC}"
EndProject
Project("{FAE04EC0-301F-11D3-BF4B-00C04F79EFBC}") = "CiklusWhile00", "CiklusWhile00\CiklusWhile00.csproj", "{F4E47C0C-BBFD-4D17-8DFD-101DC3229954}"
EndProject
Project("{FAE04EC0-301F-11D3-BF4B-00C04F79EFBC}") = "CiklusHasonlitas", "CiklusHasonlitas\CiklusHasonlitas.csproj", "{F2BB5182-C52B-4CBF-B1D7-011E5ADA70FF}"
EndProject
Project("{FAE04EC0-301F-11D3-BF4B-00C04F79EFBC}") = "CiklusFibonacci", "CiklusFibonacci\CiklusFibonacci.csproj", "{9552B372-3FF5-4A56-91AA-71D539C45D8D}"
EndProject
Project("{FAE04EC0-301F-11D3-BF4B-00C04F79EFBC}") = "Ciklus0vegjel", "Ciklus0vegjel\Ciklus0vegjel.csproj", "{4D7E8615-4145-4982-95D0-3A5A151EB8B0}"
EndProject
Global
	GlobalSection(SolutionConfigurationPlatforms) = preSolution
		Debug|Any CPU = Debug|Any CPU
		Release|Any CPU = Release|Any CPU
	EndGlobalSection
	GlobalSection(ProjectConfigurationPlatforms) = postSolution
		{6CF9D1F2-61A7-44DE-99EF-C95987782D90}.Debug|Any CPU.ActiveCfg = Debug|Any CPU
		{6CF9D1F2-61A7-44DE-99EF-C95987782D90}.Debug|Any CPU.Build.0 = Debug|Any CPU
		{6CF9D1F2-61A7-44DE-99EF-C95987782D90}.Release|Any CPU.ActiveCfg = Release|Any CPU
		{6CF9D1F2-61A7-44DE-99EF-C95987782D90}.Release|Any CPU.Build.0 = Release|Any CPU
		{D11AC1E4-A060-4FD4-B6D6-09F03E6E37B3}.Debug|Any CPU.ActiveCfg = Debug|Any CPU
		{D11AC1E4-A060-4FD4-B6D6-09F03E6E37B3}.Debug|Any CPU.Build.0 = Debug|Any CPU
		{D11AC1E4-A060-4FD4-B6D6-09F03E6E37B3}.Release|Any CPU.ActiveCfg = Release|Any CPU
		{D11AC1E4-A060-4FD4-B6D6-09F03E6E37B3}.Release|Any CPU.Build.0 = Release|Any CPU
		{F0D34558-3E7A-401F-A5F1-2D4A2ED3A1FA}.Debug|Any CPU.ActiveCfg = Debug|Any CPU
		{F0D34558-3E7A-401F-A5F1-2D4A2ED3A1FA}.Debug|Any CPU.Build.0 = Debug|Any CPU
		{F0D34558-3E7A-401F-A5F1-2D4A2ED3A1FA}.Release|Any CPU.ActiveCfg = Release|Any CPU
		{F0D34558-3E7A-401F-A5F1-2D4A2ED3A1FA}.Release|Any CPU.Build.0 = Release|Any CPU
		{1788E4B0-799C-42F4-8274-635AE59ED60E}.Debug|Any CPU.ActiveCfg = Debug|Any CPU
		{1788E4B0-799C-42F4-8274-635AE59ED60E}.Debug|Any CPU.Build.0 = Debug|Any CPU
		{1788E4B0-799C-42F4-8274-635AE59ED60E}.Release|Any CPU.ActiveCfg = Release|Any CPU
		{1788E4B0-799C-42F4-8274-635AE59ED60E}.Release|Any CPU.Build.0 = Release|Any CPU
		{66087BCB-9CEB-4B6C-9D7D-A427AF128C95}.Debug|Any CPU.ActiveCfg = Debug|Any CPU
		{66087BCB-9CEB-4B6C-9D7D-A427AF128C95}.Debug|Any CPU.Build.0 = Debug|Any CPU
		{66087BCB-9CEB-4B6C-9D7D-A427AF128C95}.Release|Any CPU.ActiveCfg = Release|Any CPU
		{66087BCB-9CEB-4B6C-9D7D-A427AF128C95}.Release|Any CPU.Build.0 = Release|Any CPU
		{15121BD5-F011-49A1-8C03-EB7DF9978AA2}.Debug|Any CPU.ActiveCfg = Debug|Any CPU
		{15121BD5-F011-49A1-8C03-EB7DF9978AA2}.Debug|Any CPU.Build.0 = Debug|Any CPU
		{15121BD5-F011-49A1-8C03-EB7DF9978AA2}.Release|Any CPU.ActiveCfg = Release|Any CPU
		{15121BD5-F011-49A1-8C03-EB7DF9978AA2}.Release|Any CPU.Build.0 = Release|Any CPU
		{D2B628E8-A1C4-4F89-8756-C16158F00816}.Debug|Any CPU.ActiveCfg = Debug|Any CPU
		{D2B628E8-A1C4-4F89-8756-C16158F00816}.Debug|Any CPU.Build.0 = Debug|Any CPU
		{D2B628E8-A1C4-4F89-8756-C16158F00816}.Release|Any CPU.ActiveCfg = Release|Any CPU
		{D2B628E8-A1C4-4F89-8756-C16158F00816}.Release|Any CPU.Build.0 = Release|Any CPU
		{392DE1DA-DB8B-4BFC-BFE7-BF71C28E43B3}.Debug|Any CPU.ActiveCfg = Debug|Any CPU
		{392DE1DA-DB8B-4BFC-BFE7-BF71C28E43B3}.Debug|Any CPU.Build.0 = Debug|Any CPU
		{392DE1DA-DB8B-4BFC-BFE7-BF71C28E43B3}.Release|Any CPU.ActiveCfg = Release|Any CPU
		{392DE1DA-DB8B-4BFC-BFE7-BF71C28E43B3}.Release|Any CPU.Build.0 = Release|Any CPU
		{7C9D6657-5A2F-4C46-A6BC-2408C8D92C7A}.Debug|Any CPU.ActiveCfg = Debug|Any CPU
		{7C9D6657-5A2F-4C46-A6BC-2408C8D92C7A}.Debug|Any CPU.Build.0 = Debug|Any CPU
		{7C9D6657-5A2F-4C46-A6BC-2408C8D92C7A}.Release|Any CPU.ActiveCfg = Release|Any CPU
		{7C9D6657-5A2F-4C46-A6BC-2408C8D92C7A}.Release|Any CPU.Build.0 = Release|Any CPU
		{FC18630E-EE15-4B71-A95F-21EA6FE8215B}.Debug|Any CPU.ActiveCfg = Debug|Any CPU
		{FC18630E-EE15-4B71-A95F-21EA6FE8215B}.Debug|Any CPU.Build.0 = Debug|Any CPU
		{FC18630E-EE15-4B71-A95F-21EA6FE8215B}.Release|Any CPU.ActiveCfg = Release|Any CPU
		{FC18630E-EE15-4B71-A95F-21EA6FE8215B}.Release|Any CPU.Build.0 = Release|Any CPU
		{50891B55-1E50-40EE-AC31-AA8D966C59CC}.Debug|Any CPU.ActiveCfg = Debug|Any CPU
		{50891B55-1E50-40EE-AC31-AA8D966C59CC}.Debug|Any CPU.Build.0 = Debug|Any CPU
		{50891B55-1E50-40EE-AC31-AA8D966C59CC}.Release|Any CPU.ActiveCfg = Release|Any CPU
		{50891B55-1E50-40EE-AC31-AA8D966C59CC}.Release|Any CPU.Build.0 = Release|Any CPU
		{F4E47C0C-BBFD-4D17-8DFD-101DC3229954}.Debug|Any CPU.ActiveCfg = Debug|Any CPU
		{F4E47C0C-BBFD-4D17-8DFD-101DC3229954}.Debug|Any CPU.Build.0 = Debug|Any CPU
		{F4E47C0C-BBFD-4D17-8DFD-101DC3229954}.Release|Any CPU.ActiveCfg = Release|Any CPU
		{F4E47C0C-BBFD-4D17-8DFD-101DC3229954}.Release|Any CPU.Build.0 = Release|Any CPU
		{F2BB5182-C52B-4CBF-B1D7-011E5ADA70FF}.Debug|Any CPU.ActiveCfg = Debug|Any CPU
		{F2BB5182-C52B-4CBF-B1D7-011E5ADA70FF}.Debug|Any CPU.Build.0 = Debug|Any CPU
		{F2BB5182-C52B-4CBF-B1D7-011E5ADA70FF}.Release|Any CPU.ActiveCfg = Release|Any CPU
		{F2BB5182-C52B-4CBF-B1D7-011E5ADA70FF}.Release|Any CPU.Build.0 = Release|Any CPU
		{9552B372-3FF5-4A56-91AA-71D539C45D8D}.Debug|Any CPU.ActiveCfg = Debug|Any CPU
		{9552B372-3FF5-4A56-91AA-71D539C45D8D}.Debug|Any CPU.Build.0 = Debug|Any CPU
		{9552B372-3FF5-4A56-91AA-71D539C45D8D}.Release|Any CPU.ActiveCfg = Release|Any CPU
		{9552B372-3FF5-4A56-91AA-71D539C45D8D}.Release|Any CPU.Build.0 = Release|Any CPU
		{4D7E8615-4145-4982-95D0-3A5A151EB8B0}.Debug|Any CPU.ActiveCfg = Debug|Any CPU
		{4D7E8615-4145-4982-95D0-3A5A151EB8B0}.Debug|Any CPU.Build.0 = Debug|Any CPU
		{4D7E8615-4145-4982-95D0-3A5A151EB8B0}.Release|Any CPU.ActiveCfg = Release|Any CPU
		{4D7E8615-4145-4982-95D0-3A5A151EB8B0}.Release|Any CPU.Build.0 = Release|Any CPU
	EndGlobalSection
	GlobalSection(SolutionProperties) = preSolution
		HideSolutionNode = FALSE
	EndGlobalSection
	GlobalSection(ExtensibilityGlobals) = postSolution
		SolutionGuid = {CABCCC6E-3DF3-4B50-B50A-C9FE8A5DE679}
	EndGlobalSection
EndGlobal
